
Microsoft Visual Studio Solution File, Format Version 12.00
# Visual Studio Version 17
VisualStudioVersion = 17.3.32819.101
MinimumVisualStudioVersion = 10.0.40219.1
Project("{FAE04EC0-301F-11D3-BF4B-00C04F79EFBC}") = "SolutionTest", "SolutionTest\SolutionTest.csproj", "{4351551C-3F50-42A0-BFF7-30118FF739A6}"
EndProject
Project("{FAE04EC0-301F-11D3-BF4B-00C04F79EFBC}") = "Solutions", "Solutions\Solutions.csproj", "{B05DD4B7-01BF-4697-95ED-F3713D354A07}"
EndProject
Global
	GlobalSection(SolutionConfigurationPlatforms) = preSolution
		Debug|Any CPU = Debug|Any CPU
		Release|Any CPU = Release|Any CPU
	EndGlobalSection
	GlobalSection(ProjectConfigurationPlatforms) = postSolution
		{4351551C-3F50-42A0-BFF7-30118FF739A6}.Debug|Any CPU.ActiveCfg = Debug|Any CPU
		{4351551C-3F50-42A0-BFF7-30118FF739A6}.Debug|Any CPU.Build.0 = Debug|Any CPU
		{4351551C-3F50-42A0-BFF7-30118FF739A6}.Release|Any CPU.ActiveCfg = Release|Any CPU
		{4351551C-3F50-42A0-BFF7-30118FF739A6}.Release|Any CPU.Build.0 = Release|Any CPU
		{B05DD4B7-01BF-4697-95ED-F3713D354A07}.Debug|Any CPU.ActiveCfg = Debug|Any CPU
		{B05DD4B7-01BF-4697-95ED-F3713D354A07}.Debug|Any CPU.Build.0 = Debug|Any CPU
		{B05DD4B7-01BF-4697-95ED-F3713D354A07}.Release|Any CPU.ActiveCfg = Release|Any CPU
		{B05DD4B7-01BF-4697-95ED-F3713D354A07}.Release|Any CPU.Build.0 = Release|Any CPU
	EndGlobalSection
	GlobalSection(SolutionProperties) = preSolution
		HideSolutionNode = FALSE
	EndGlobalSection
	GlobalSection(ExtensibilityGlobals) = postSolution
		SolutionGuid = {B347213B-FA3E-490B-8024-2B240683C64A}
	EndGlobalSection
EndGlobal
